
Microsoft Visual Studio Solution File, Format Version 12.00
# Visual Studio Version 17
VisualStudioVersion = 17.9.34622.214
MinimumVisualStudioVersion = 10.0.40219.1
Project("{FAE04EC0-301F-11D3-BF4B-00C04F79EFBC}") = "APITempoDIO", "APITempoDIO\APITempoDIO.csproj", "{BB626970-5B00-45FE-9C6A-2CF44A936179}"
EndProject
Global
	GlobalSection(SolutionConfigurationPlatforms) = preSolution
		Debug|Any CPU = Debug|Any CPU
		Release|Any CPU = Release|Any CPU
	EndGlobalSection
	GlobalSection(ProjectConfigurationPlatforms) = postSolution
		{BB626970-5B00-45FE-9C6A-2CF44A936179}.Debug|Any CPU.ActiveCfg = Debug|Any CPU
		{BB626970-5B00-45FE-9C6A-2CF44A936179}.Debug|Any CPU.Build.0 = Debug|Any CPU
		{BB626970-5B00-45FE-9C6A-2CF44A936179}.Release|Any CPU.ActiveCfg = Release|Any CPU
		{BB626970-5B00-45FE-9C6A-2CF44A936179}.Release|Any CPU.Build.0 = Release|Any CPU
	EndGlobalSection
	GlobalSection(SolutionProperties) = preSolution
		HideSolutionNode = FALSE
	EndGlobalSection
	GlobalSection(ExtensibilityGlobals) = postSolution
		SolutionGuid = {73B10DC6-057F-4F96-BD50-42044ADBC619}
	EndGlobalSection
EndGlobal
